
Microsoft Visual Studio Solution File, Format Version 12.00
# Visual Studio 15
VisualStudioVersion = 15.0.27703.2026
MinimumVisualStudioVersion = 10.0.40219.1
Project("{FAE04EC0-301F-11D3-BF4B-00C04F79EFBC}") = "CSharp7Features", "CSharp7Features.csproj", "{2777AC6C-13B8-47CC-9D28-1C87CF7E2939}"
EndProject
Global
	GlobalSection(SolutionConfigurationPlatforms) = preSolution
		Debug|Any CPU = Debug|Any CPU
		Release|Any CPU = Release|Any CPU
	EndGlobalSection
	GlobalSection(ProjectConfigurationPlatforms) = postSolution
		{2777AC6C-13B8-47CC-9D28-1C87CF7E2939}.Debug|Any CPU.ActiveCfg = Debug|Any CPU
		{2777AC6C-13B8-47CC-9D28-1C87CF7E2939}.Debug|Any CPU.Build.0 = Debug|Any CPU
		{2777AC6C-13B8-47CC-9D28-1C87CF7E2939}.Release|Any CPU.ActiveCfg = Release|Any CPU
		{2777AC6C-13B8-47CC-9D28-1C87CF7E2939}.Release|Any CPU.Build.0 = Release|Any CPU
	EndGlobalSection
	GlobalSection(SolutionProperties) = preSolution
		HideSolutionNode = FALSE
	EndGlobalSection
	GlobalSection(ExtensibilityGlobals) = postSolution
		SolutionGuid = {7F4AF56C-676F-4C37-98F6-2BEA17EE8968}
	EndGlobalSection
EndGlobal
